
Microsoft Visual Studio Solution File, Format Version 12.00
# Visual Studio Version 17
VisualStudioVersion = 17.8.34330.188
MinimumVisualStudioVersion = 10.0.40219.1
Project("{FAE04EC0-301F-11D3-BF4B-00C04F79EFBC}") = "VacationManager", "VacationManager\VacationManager.csproj", "{A136CE97-3DE1-4999-93B9-72B4B1C5C800}"
EndProject
Global
	GlobalSection(SolutionConfigurationPlatforms) = preSolution
		Debug|Any CPU = Debug|Any CPU
		Release|Any CPU = Release|Any CPU
	EndGlobalSection
	GlobalSection(ProjectConfigurationPlatforms) = postSolution
		{A136CE97-3DE1-4999-93B9-72B4B1C5C800}.Debug|Any CPU.ActiveCfg = Debug|Any CPU
		{A136CE97-3DE1-4999-93B9-72B4B1C5C800}.Debug|Any CPU.Build.0 = Debug|Any CPU
		{A136CE97-3DE1-4999-93B9-72B4B1C5C800}.Release|Any CPU.ActiveCfg = Release|Any CPU
		{A136CE97-3DE1-4999-93B9-72B4B1C5C800}.Release|Any CPU.Build.0 = Release|Any CPU
	EndGlobalSection
	GlobalSection(SolutionProperties) = preSolution
		HideSolutionNode = FALSE
	EndGlobalSection
	GlobalSection(ExtensibilityGlobals) = postSolution
		SolutionGuid = {F28FAD00-B8AF-4201-B444-926C637A7D0B}
	EndGlobalSection
EndGlobal
